
Microsoft Visual Studio Solution File, Format Version 12.00
# Visual Studio Version 17
VisualStudioVersion = 17.14.37411.7
MinimumVisualStudioVersion = 10.0.40219.1
Project("{2150E333-8FDC-42A3-9474-1A3956D46DE8}") = "CoffeeShopApplication", "CoffeeShopApplication", "{02EA681E-C7D8-13C7-8484-4AC65E1B71E8}"
EndProject
Project("{2150E333-8FDC-42A3-9474-1A3956D46DE8}") = "OrderFlow", "OrderFlow", "{A5F50D60-B283-491F-846B-BCAF1B206449}"
EndProject
Project("{FAE04EC0-301F-11D3-BF4B-00C04F79EFBC}") = "OrderManagement", "OrderManagement\OrderManagement.csproj", "{281EF0A1-8862-4DBC-B591-06BB474E8BC3}"
EndProject
Global
	GlobalSection(SolutionConfigurationPlatforms) = preSolution
		Debug|Any CPU = Debug|Any CPU
		Release|Any CPU = Release|Any CPU
	EndGlobalSection
	GlobalSection(ProjectConfigurationPlatforms) = postSolution
		{281EF0A1-8862-4DBC-B591-06BB474E8BC3}.Debug|Any CPU.ActiveCfg = Debug|Any CPU
		{281EF0A1-8862-4DBC-B591-06BB474E8BC3}.Debug|Any CPU.Build.0 = Debug|Any CPU
		{281EF0A1-8862-4DBC-B591-06BB474E8BC3}.Release|Any CPU.ActiveCfg = Release|Any CPU
		{281EF0A1-8862-4DBC-B591-06BB474E8BC3}.Release|Any CPU.Build.0 = Release|Any CPU
	EndGlobalSection
	GlobalSection(SolutionProperties) = preSolution
		HideSolutionNode = FALSE
	EndGlobalSection
	GlobalSection(NestedProjects) = preSolution
		{281EF0A1-8862-4DBC-B591-06BB474E8BC3} = {A5F50D60-B283-491F-846B-BCAF1B206449}
	EndGlobalSection
	GlobalSection(ExtensibilityGlobals) = postSolution
		SolutionGuid = {3627AE30-9177-4707-A93E-9C464030DD0C}
	EndGlobalSection
EndGlobal
